
Microsoft Visual Studio Solution File, Format Version 12.00
# Visual Studio 15
VisualStudioVersion = 15.0.28307.1145
MinimumVisualStudioVersion = 10.0.40219.1
Project("{9A19103F-16F7-4668-BE54-9A1E7A4F7556}") = "LeaveSystem", "LeaveSystem\LeaveSystem.csproj", "{999F9077-2DFC-4905-A4C6-04F4BD718736}"
EndProject
Global
	GlobalSection(SolutionConfigurationPlatforms) = preSolution
		Debug|Any CPU = Debug|Any CPU
		Release|Any CPU = Release|Any CPU
	EndGlobalSection
	GlobalSection(ProjectConfigurationPlatforms) = postSolution
		{999F9077-2DFC-4905-A4C6-04F4BD718736}.Debug|Any CPU.ActiveCfg = Debug|Any CPU
		{999F9077-2DFC-4905-A4C6-04F4BD718736}.Debug|Any CPU.Build.0 = Debug|Any CPU
		{999F9077-2DFC-4905-A4C6-04F4BD718736}.Release|Any CPU.ActiveCfg = Release|Any CPU
		{999F9077-2DFC-4905-A4C6-04F4BD718736}.Release|Any CPU.Build.0 = Release|Any CPU
	EndGlobalSection
	GlobalSection(SolutionProperties) = preSolution
		HideSolutionNode = FALSE
	EndGlobalSection
	GlobalSection(ExtensibilityGlobals) = postSolution
		SolutionGuid = {B510EC88-BD5D-4B44-BF4F-4287DFEBD164}
	EndGlobalSection
EndGlobal
